{
  "nodes": {
    "bibata-cursors": {
      "flake": false,
      "locked": {
        "lastModified": 1673748590,
        "narHash": "sha256-7QUz1JrRMxyOI4ovsvTBNTF5TgECbSRnkeKNk9IZEZg=",
        "owner": "suchipi",
        "repo": "Bibata_Cursor",
        "rev": "ff2475240548c68b6eb59a664465be0d756222ad",
        "type": "github"
      },
      "original": {
        "owner": "suchipi",
        "repo": "Bibata_Cursor",
        "type": "github"
      }
    },
    "comma": {
      "inputs": {
        "flake-compat": "flake-compat",
        "naersk": "naersk",
        "nixpkgs": [
          "unstable"
        ],
        "utils": "utils"
      },
      "locked": {
        "lastModified": 1676319017,
        "narHash": "sha256-gHyshpxoQAc/3sI3eChqmSCvsBimy+Z6EkzwA3aAYgA=",
        "owner": "nix-community",
        "repo": "comma",
        "rev": "c4001264668c09d44d765e5ccb1182f291cd91a4",
        "type": "github"
      },
      "original": {
        "owner": "nix-community",
        "repo": "comma",
        "type": "github"
      }
    },
    "cowfiles": {
      "flake": false,
      "locked": {
        "lastModified": 1637685835,
        "narHash": "sha256-fYjNpvn0yQqRxpxbkOcPRMeNbXCAKFxLhYdLJ0U7+7w=",
        "owner": "paulkaefer",
        "repo": "cowsay-files",
        "rev": "277057be8adefce94d3aac291bcbf719646c5da5",
        "type": "github"
      },
      "original": {
        "owner": "paulkaefer",
        "repo": "cowsay-files",
        "type": "github"
      }
    },
    "cowsay": {
      "inputs": {
        "cowfiles": "cowfiles",
        "nixpkgs": [
          "nixpkgs"
        ],
        "snowfall-lib": "snowfall-lib",
        "unstable": [
          "unstable"
        ],
        "vhs": "vhs"
      },
      "locked": {
        "lastModified": 1676275717,
        "narHash": "sha256-a12WLBN44xDLdEzCnlCdBZFhGIqqlEKICatNyYY1mXM=",
        "owner": "snowfallorg",
        "repo": "cowsay",
        "rev": "00bcc91fecba0743c1eae453ee83b8292cdae145",
        "type": "github"
      },
      "original": {
        "owner": "snowfallorg",
        "repo": "cowsay",
        "type": "github"
      }
    },
    "darwin": {
      "inputs": {
        "nixpkgs": [
          "nixpkgs"
        ]
      },
      "locked": {
        "lastModified": 1673295039,
        "narHash": "sha256-AsdYgE8/GPwcelGgrntlijMg4t3hLFJFCRF3tL5WVjA=",
        "owner": "lnl7",
        "repo": "nix-darwin",
        "rev": "87b9d090ad39b25b2400029c64825fc2a8868943",
        "type": "github"
      },
      "original": {
        "owner": "lnl7",
        "repo": "nix-darwin",
        "type": "github"
      }
    },
    "deploy-rs": {
      "inputs": {
        "flake-compat": "flake-compat_4",
        "nixpkgs": [
          "unstable"
        ],
        "utils": "utils_2"
      },
      "locked": {
        "lastModified": 1674127017,
        "narHash": "sha256-QO1xF7stu5ZMDLbHN30LFolMAwY6TVlzYvQoUs1RD68=",
        "owner": "serokell",
        "repo": "deploy-rs",
        "rev": "8c9ea9605eed20528bf60fae35a2b613b901fd77",
        "type": "github"
      },
      "original": {
        "owner": "serokell",
        "repo": "deploy-rs",
        "type": "github"
      }
    },
    "discord-nord-theme": {
      "flake": false,
      "locked": {
        "lastModified": 1662442143,
        "narHash": "sha256-R0Ew/hQtXxbXEUjRS1iCRBIrwdg1RbpBOf39XU75a/k=",
        "owner": "DapperCore",
        "repo": "NordCord",
        "rev": "80066952fa5b4613a19c9d13134e5a69273c3988",
        "type": "github"
      },
      "original": {
        "owner": "DapperCore",
        "repo": "NordCord",
        "type": "github"
      }
    },
    "discord-tweaks": {
      "flake": false,
      "locked": {
        "lastModified": 1627600834,
        "narHash": "sha256-xSzbP86w5OUy1ZO1iHgv1drbujtlPQAgJmLA3x7UOFc=",
        "owner": "NurMarvin",
        "repo": "discord-tweaks",
        "rev": "bc28b090f9ed706d7f8271aeaa64bdcb886fd0ef",
        "type": "github"
      },
      "original": {
        "owner": "NurMarvin",
        "repo": "discord-tweaks",
        "type": "github"
      }
    },
    "flake": {
      "inputs": {
        "flake-compat": "flake-compat_5",
        "nixpkgs": [
          "unstable"
        ],
        "snowfall-lib": "snowfall-lib_3",
        "unstable": "unstable"
      },
      "locked": {
        "lastModified": 1676352981,
        "narHash": "sha256-4Avwfq71dSpVYSuQwxe9b+jbBOSjdm4qVEZcfyGivts=",
        "owner": "snowfallorg",
        "repo": "flake",
        "rev": "ca46f77b9e42224ede87634d2d4d4ef90281fe21",
        "type": "github"
      },
      "original": {
        "owner": "snowfallorg",
        "repo": "flake",
        "type": "github"
      }
    },
    "flake-compat": {
      "flake": false,
      "locked": {
        "lastModified": 1650374568,
        "narHash": "sha256-Z+s0J8/r907g149rllvwhb4pKi8Wam5ij0st8PwAh+E=",
        "owner": "edolstra",
        "repo": "flake-compat",
        "rev": "b4a34015c698c7793d592d66adbab377907a2be8",
        "type": "github"
      },
      "original": {
        "owner": "edolstra",
        "repo": "flake-compat",
        "type": "github"
      }
    },
    "flake-compat_10": {
      "flake": false,
      "locked": {
        "lastModified": 1650374568,
        "narHash": "sha256-Z+s0J8/r907g149rllvwhb4pKi8Wam5ij0st8PwAh+E=",
        "owner": "edolstra",
        "repo": "flake-compat",
        "rev": "b4a34015c698c7793d592d66adbab377907a2be8",
        "type": "github"
      },
      "original": {
        "owner": "edolstra",
        "repo": "flake-compat",
        "type": "github"
      }
    },
    "flake-compat_11": {
      "flake": false,
      "locked": {
        "lastModified": 1650374568,
        "narHash": "sha256-Z+s0J8/r907g149rllvwhb4pKi8Wam5ij0st8PwAh+E=",
        "owner": "edolstra",
        "repo": "flake-compat",
        "rev": "b4a34015c698c7793d592d66adbab377907a2be8",
        "type": "github"
      },
      "original": {
        "owner": "edolstra",
        "repo": "flake-compat",
        "type": "github"
      }
    },
    "flake-compat_12": {
      "flake": false,
      "locked": {
        "lastModified": 1650374568,
        "narHash": "sha256-Z+s0J8/r907g149rllvwhb4pKi8Wam5ij0st8PwAh+E=",
        "owner": "edolstra",
        "repo": "flake-compat",
        "rev": "b4a34015c698c7793d592d66adbab377907a2be8",
        "type": "github"
      },
      "original": {
        "owner": "edolstra",
        "repo": "flake-compat",
        "type": "github"
      }
    },
    "flake-compat_13": {
      "flake": false,
      "locked": {
        "lastModified": 1650374568,
        "narHash": "sha256-Z+s0J8/r907g149rllvwhb4pKi8Wam5ij0st8PwAh+E=",
        "owner": "edolstra",
        "repo": "flake-compat",
        "rev": "b4a34015c698c7793d592d66adbab377907a2be8",
        "type": "github"
      },
      "original": {
        "owner": "edolstra",
        "repo": "flake-compat",
        "type": "github"
      }
    },
    "flake-compat_14": {
      "flake": false,
      "locked": {
        "lastModified": 1650374568,
        "narHash": "sha256-Z+s0J8/r907g149rllvwhb4pKi8Wam5ij0st8PwAh+E=",
        "owner": "edolstra",
        "repo": "flake-compat",
        "rev": "b4a34015c698c7793d592d66adbab377907a2be8",
        "type": "github"
      },
      "original": {
        "owner": "edolstra",
        "repo": "flake-compat",
        "type": "github"
      }
    },
    "flake-compat_2": {
      "flake": false,
      "locked": {
        "lastModified": 1650374568,
        "narHash": "sha256-Z+s0J8/r907g149rllvwhb4pKi8Wam5ij0st8PwAh+E=",
        "owner": "edolstra",
        "repo": "flake-compat",
        "rev": "b4a34015c698c7793d592d66adbab377907a2be8",
        "type": "github"
      },
      "original": {
        "owner": "edolstra",
        "repo": "flake-compat",
        "type": "github"
      }
    },
    "flake-compat_3": {
      "flake": false,
      "locked": {
        "lastModified": 1650374568,
        "narHash": "sha256-Z+s0J8/r907g149rllvwhb4pKi8Wam5ij0st8PwAh+E=",
        "owner": "edolstra",
        "repo": "flake-compat",
        "rev": "b4a34015c698c7793d592d66adbab377907a2be8",
        "type": "github"
      },
      "original": {
        "owner": "edolstra",
        "repo": "flake-compat",
        "type": "github"
      }
    },
    "flake-compat_4": {
      "flake": false,
      "locked": {
        "lastModified": 1668681692,
        "narHash": "sha256-Ht91NGdewz8IQLtWZ9LCeNXMSXHUss+9COoqu6JLmXU=",
        "owner": "edolstra",
        "repo": "flake-compat",
        "rev": "009399224d5e398d03b22badca40a37ac85412a1",
        "type": "github"
      },
      "original": {
        "owner": "edolstra",
        "repo": "flake-compat",
        "type": "github"
      }
    },
    "flake-compat_5": {
      "flake": false,
      "locked": {
        "lastModified": 1668681692,
        "narHash": "sha256-Ht91NGdewz8IQLtWZ9LCeNXMSXHUss+9COoqu6JLmXU=",
        "owner": "edolstra",
        "repo": "flake-compat",
        "rev": "009399224d5e398d03b22badca40a37ac85412a1",
        "type": "github"
      },
      "original": {
        "owner": "edolstra",
        "repo": "flake-compat",
        "type": "github"
      }
    },
    "flake-compat_6": {
      "flake": false,
      "locked": {
        "lastModified": 1650374568,
        "narHash": "sha256-Z+s0J8/r907g149rllvwhb4pKi8Wam5ij0st8PwAh+E=",
        "owner": "edolstra",
        "repo": "flake-compat",
        "rev": "b4a34015c698c7793d592d66adbab377907a2be8",
        "type": "github"
      },
      "original": {
        "owner": "edolstra",
        "repo": "flake-compat",
        "type": "github"
      }
    },
    "flake-compat_7": {
      "flake": false,
      "locked": {
        "lastModified": 1650374568,
        "narHash": "sha256-Z+s0J8/r907g149rllvwhb4pKi8Wam5ij0st8PwAh+E=",
        "owner": "edolstra",
        "repo": "flake-compat",
        "rev": "b4a34015c698c7793d592d66adbab377907a2be8",
        "type": "github"
      },
      "original": {
        "owner": "edolstra",
        "repo": "flake-compat",
        "type": "github"
      }
    },
    "flake-compat_8": {
      "flake": false,
      "locked": {
        "lastModified": 1650374568,
        "narHash": "sha256-Z+s0J8/r907g149rllvwhb4pKi8Wam5ij0st8PwAh+E=",
        "owner": "edolstra",
        "repo": "flake-compat",
        "rev": "b4a34015c698c7793d592d66adbab377907a2be8",
        "type": "github"
      },
      "original": {
        "owner": "edolstra",
        "repo": "flake-compat",
        "type": "github"
      }
    },
    "flake-compat_9": {
      "flake": false,
      "locked": {
        "lastModified": 1650374568,
        "narHash": "sha256-Z+s0J8/r907g149rllvwhb4pKi8Wam5ij0st8PwAh+E=",
        "owner": "edolstra",
        "repo": "flake-compat",
        "rev": "b4a34015c698c7793d592d66adbab377907a2be8",
        "type": "github"
      },
      "original": {
        "owner": "edolstra",
        "repo": "flake-compat",
        "type": "github"
      }
    },
    "flake-utils": {
      "locked": {
        "lastModified": 1644229661,
        "narHash": "sha256-1YdnJAsNy69bpcjuoKdOYQX0YxZBiCYZo4Twxerqv7k=",
        "owner": "numtide",
        "repo": "flake-utils",
        "rev": "3cecb5b042f7f209c56ffd8371b2711a290ec797",
        "type": "github"
      },
      "original": {
        "owner": "numtide",
        "repo": "flake-utils",
        "type": "github"
      }
    },
    "flake-utils-plus": {
      "inputs": {
        "flake-utils": "flake-utils"
      },
      "locked": {
        "lastModified": 1657226504,
        "narHash": "sha256-GIYNjuq4mJlFgqKsZ+YrgzWm0IpA4axA3MCrdKYj7gs=",
        "owner": "gytis-ivaskevicius",
        "repo": "flake-utils-plus",
        "rev": "2bf0f91643c2e5ae38c1b26893ac2927ac9bd82a",
        "type": "github"
      },
      "original": {
        "owner": "gytis-ivaskevicius",
        "repo": "flake-utils-plus",
        "type": "github"
      }
    },
    "flake-utils-plus_10": {
      "inputs": {
        "flake-utils": "flake-utils_10"
      },
      "locked": {
        "lastModified": 1657226504,
        "narHash": "sha256-GIYNjuq4mJlFgqKsZ+YrgzWm0IpA4axA3MCrdKYj7gs=",
        "owner": "gytis-ivaskevicius",
        "repo": "flake-utils-plus",
        "rev": "2bf0f91643c2e5ae38c1b26893ac2927ac9bd82a",
        "type": "github"
      },
      "original": {
        "owner": "gytis-ivaskevicius",
        "repo": "flake-utils-plus",
        "type": "github"
      }
    },
    "flake-utils-plus_11": {
      "inputs": {
        "flake-utils": "flake-utils_11"
      },
      "locked": {
        "lastModified": 1657226504,
        "narHash": "sha256-GIYNjuq4mJlFgqKsZ+YrgzWm0IpA4axA3MCrdKYj7gs=",
        "owner": "gytis-ivaskevicius",
        "repo": "flake-utils-plus",
        "rev": "2bf0f91643c2e5ae38c1b26893ac2927ac9bd82a",
        "type": "github"
      },
      "original": {
        "owner": "gytis-ivaskevicius",
        "repo": "flake-utils-plus",
        "type": "github"
      }
    },
    "flake-utils-plus_2": {
      "inputs": {
        "flake-utils": "flake-utils_2"
      },
      "locked": {
        "lastModified": 1657226504,
        "narHash": "sha256-GIYNjuq4mJlFgqKsZ+YrgzWm0IpA4axA3MCrdKYj7gs=",
        "owner": "gytis-ivaskevicius",
        "repo": "flake-utils-plus",
        "rev": "2bf0f91643c2e5ae38c1b26893ac2927ac9bd82a",
        "type": "github"
      },
      "original": {
        "owner": "gytis-ivaskevicius",
        "repo": "flake-utils-plus",
        "type": "github"
      }
    },
    "flake-utils-plus_3": {
      "inputs": {
        "flake-utils": "flake-utils_3"
      },
      "locked": {
        "lastModified": 1657226504,
        "narHash": "sha256-GIYNjuq4mJlFgqKsZ+YrgzWm0IpA4axA3MCrdKYj7gs=",
        "owner": "gytis-ivaskevicius",
        "repo": "flake-utils-plus",
        "rev": "2bf0f91643c2e5ae38c1b26893ac2927ac9bd82a",
        "type": "github"
      },
      "original": {
        "owner": "gytis-ivaskevicius",
        "repo": "flake-utils-plus",
        "type": "github"
      }
    },
    "flake-utils-plus_4": {
      "inputs": {
        "flake-utils": "flake-utils_4"
      },
      "locked": {
        "lastModified": 1657226504,
        "narHash": "sha256-GIYNjuq4mJlFgqKsZ+YrgzWm0IpA4axA3MCrdKYj7gs=",
        "owner": "gytis-ivaskevicius",
        "repo": "flake-utils-plus",
        "rev": "2bf0f91643c2e5ae38c1b26893ac2927ac9bd82a",
        "type": "github"
      },
      "original": {
        "owner": "gytis-ivaskevicius",
        "repo": "flake-utils-plus",
        "type": "github"
      }
    },
    "flake-utils-plus_5": {
      "inputs": {
        "flake-utils": "flake-utils_5"
      },
      "locked": {
        "lastModified": 1657226504,
        "narHash": "sha256-GIYNjuq4mJlFgqKsZ+YrgzWm0IpA4axA3MCrdKYj7gs=",
        "owner": "gytis-ivaskevicius",
        "repo": "flake-utils-plus",
        "rev": "2bf0f91643c2e5ae38c1b26893ac2927ac9bd82a",
        "type": "github"
      },
      "original": {
        "owner": "gytis-ivaskevicius",
        "repo": "flake-utils-plus",
        "type": "github"
      }
    },
    "flake-utils-plus_6": {
      "inputs": {
        "flake-utils": "flake-utils_6"
      },
      "locked": {
        "lastModified": 1657226504,
        "narHash": "sha256-GIYNjuq4mJlFgqKsZ+YrgzWm0IpA4axA3MCrdKYj7gs=",
        "owner": "gytis-ivaskevicius",
        "repo": "flake-utils-plus",
        "rev": "2bf0f91643c2e5ae38c1b26893ac2927ac9bd82a",
        "type": "github"
      },
      "original": {
        "owner": "gytis-ivaskevicius",
        "repo": "flake-utils-plus",
        "type": "github"
      }
    },
    "flake-utils-plus_7": {
      "inputs": {
        "flake-utils": "flake-utils_7"
      },
      "locked": {
        "lastModified": 1657226504,
        "narHash": "sha256-GIYNjuq4mJlFgqKsZ+YrgzWm0IpA4axA3MCrdKYj7gs=",
        "owner": "gytis-ivaskevicius",
        "repo": "flake-utils-plus",
        "rev": "2bf0f91643c2e5ae38c1b26893ac2927ac9bd82a",
        "type": "github"
      },
      "original": {
        "owner": "gytis-ivaskevicius",
        "repo": "flake-utils-plus",
        "type": "github"
      }
    },
    "flake-utils-plus_8": {
      "inputs": {
        "flake-utils": "flake-utils_8"
      },
      "locked": {
        "lastModified": 1657226504,
        "narHash": "sha256-GIYNjuq4mJlFgqKsZ+YrgzWm0IpA4axA3MCrdKYj7gs=",
        "owner": "gytis-ivaskevicius",
        "repo": "flake-utils-plus",
        "rev": "2bf0f91643c2e5ae38c1b26893ac2927ac9bd82a",
        "type": "github"
      },
      "original": {
        "owner": "gytis-ivaskevicius",
        "repo": "flake-utils-plus",
        "type": "github"
      }
    },
    "flake-utils-plus_9": {
      "inputs": {
        "flake-utils": "flake-utils_9"
      },
      "locked": {
        "lastModified": 1657226504,
        "narHash": "sha256-GIYNjuq4mJlFgqKsZ+YrgzWm0IpA4axA3MCrdKYj7gs=",
        "owner": "gytis-ivaskevicius",
        "repo": "flake-utils-plus",
        "rev": "2bf0f91643c2e5ae38c1b26893ac2927ac9bd82a",
        "type": "github"
      },
      "original": {
        "owner": "gytis-ivaskevicius",
        "repo": "flake-utils-plus",
        "type": "github"
      }
    },
    "flake-utils_10": {
      "locked": {
        "lastModified": 1644229661,
        "narHash": "sha256-1YdnJAsNy69bpcjuoKdOYQX0YxZBiCYZo4Twxerqv7k=",
        "owner": "numtide",
        "repo": "flake-utils",
        "rev": "3cecb5b042f7f209c56ffd8371b2711a290ec797",
        "type": "github"
      },
      "original": {
        "owner": "numtide",
        "repo": "flake-utils",
        "type": "github"
      }
    },
    "flake-utils_11": {
      "locked": {
        "lastModified": 1644229661,
        "narHash": "sha256-1YdnJAsNy69bpcjuoKdOYQX0YxZBiCYZo4Twxerqv7k=",
        "owner": "numtide",
        "repo": "flake-utils",
        "rev": "3cecb5b042f7f209c56ffd8371b2711a290ec797",
        "type": "github"
      },
      "original": {
        "owner": "numtide",
        "repo": "flake-utils",
        "type": "github"
      }
    },
    "flake-utils_2": {
      "locked": {
        "lastModified": 1644229661,
        "narHash": "sha256-1YdnJAsNy69bpcjuoKdOYQX0YxZBiCYZo4Twxerqv7k=",
        "owner": "numtide",
        "repo": "flake-utils",
        "rev": "3cecb5b042f7f209c56ffd8371b2711a290ec797",
        "type": "github"
      },
      "original": {
        "owner": "numtide",
        "repo": "flake-utils",
        "type": "github"
      }
    },
    "flake-utils_3": {
      "locked": {
        "lastModified": 1644229661,
        "narHash": "sha256-1YdnJAsNy69bpcjuoKdOYQX0YxZBiCYZo4Twxerqv7k=",
        "owner": "numtide",
        "repo": "flake-utils",
        "rev": "3cecb5b042f7f209c56ffd8371b2711a290ec797",
        "type": "github"
      },
      "original": {
        "owner": "numtide",
        "repo": "flake-utils",
        "type": "github"
      }
    },
    "flake-utils_4": {
      "locked": {
        "lastModified": 1644229661,
        "narHash": "sha256-1YdnJAsNy69bpcjuoKdOYQX0YxZBiCYZo4Twxerqv7k=",
        "owner": "numtide",
        "repo": "flake-utils",
        "rev": "3cecb5b042f7f209c56ffd8371b2711a290ec797",
        "type": "github"
      },
      "original": {
        "owner": "numtide",
        "repo": "flake-utils",
        "type": "github"
      }
    },
    "flake-utils_5": {
      "locked": {
        "lastModified": 1644229661,
        "narHash": "sha256-1YdnJAsNy69bpcjuoKdOYQX0YxZBiCYZo4Twxerqv7k=",
        "owner": "numtide",
        "repo": "flake-utils",
        "rev": "3cecb5b042f7f209c56ffd8371b2711a290ec797",
        "type": "github"
      },
      "original": {
        "owner": "numtide",
        "repo": "flake-utils",
        "type": "github"
      }
    },
    "flake-utils_6": {
      "locked": {
        "lastModified": 1644229661,
        "narHash": "sha256-1YdnJAsNy69bpcjuoKdOYQX0YxZBiCYZo4Twxerqv7k=",
        "owner": "numtide",
        "repo": "flake-utils",
        "rev": "3cecb5b042f7f209c56ffd8371b2711a290ec797",
        "type": "github"
      },
      "original": {
        "owner": "numtide",
        "repo": "flake-utils",
        "type": "github"
      }
    },
    "flake-utils_7": {
      "locked": {
        "lastModified": 1644229661,
        "narHash": "sha256-1YdnJAsNy69bpcjuoKdOYQX0YxZBiCYZo4Twxerqv7k=",
        "owner": "numtide",
        "repo": "flake-utils",
        "rev": "3cecb5b042f7f209c56ffd8371b2711a290ec797",
        "type": "github"
      },
      "original": {
        "owner": "numtide",
        "repo": "flake-utils",
        "type": "github"
      }
    },
    "flake-utils_8": {
      "locked": {
        "lastModified": 1644229661,
        "narHash": "sha256-1YdnJAsNy69bpcjuoKdOYQX0YxZBiCYZo4Twxerqv7k=",
        "owner": "numtide",
        "repo": "flake-utils",
        "rev": "3cecb5b042f7f209c56ffd8371b2711a290ec797",
        "type": "github"
      },
      "original": {
        "owner": "numtide",
        "repo": "flake-utils",
        "type": "github"
      }
    },
    "flake-utils_9": {
      "locked": {
        "lastModified": 1644229661,
        "narHash": "sha256-1YdnJAsNy69bpcjuoKdOYQX0YxZBiCYZo4Twxerqv7k=",
        "owner": "numtide",
        "repo": "flake-utils",
        "rev": "3cecb5b042f7f209c56ffd8371b2711a290ec797",
        "type": "github"
      },
      "original": {
        "owner": "numtide",
        "repo": "flake-utils",
        "type": "github"
      }
    },
    "gpg-base-conf": {
      "flake": false,
      "locked": {
        "lastModified": 1672097286,
        "narHash": "sha256-Fto8FCVYeKviMz0VmCiXHrgMT1pVopJGGDHF0s3K4ts=",
        "owner": "drduh",
        "repo": "config",
        "rev": "6bea1fdaa8732ec8625f4bac7022b25e14b15ffe",
        "type": "github"
      },
      "original": {
        "owner": "drduh",
        "repo": "config",
        "type": "github"
      }
    },
    "home-manager": {
      "inputs": {
        "nixpkgs": [
          "nixpkgs"
        ],
        "utils": "utils_3"
      },
      "locked": {
        "lastModified": 1677284824,
        "narHash": "sha256-I3gDxmGjyXdtOR5S8sIeCO8pT+5OR69f/g5EVoQUdsY=",
        "owner": "nix-community",
        "repo": "home-manager",
        "rev": "29280978234b73423f4eb708cbb999295f76b42a",
        "type": "github"
      },
      "original": {
        "owner": "nix-community",
        "ref": "release-22.11",
        "repo": "home-manager",
        "type": "github"
      }
    },
    "icehouse": {
      "inputs": {
        "nixpkgs": [
          "nixpkgs"
        ],
        "snowfall-lib": "snowfall-lib_4",
        "unstable": [
          "unstable"
        ]
      },
      "locked": {
        "lastModified": 1673970553,
        "narHash": "sha256-qfxEI5s+9N3o7aCKx8uQzw9hE2fOOMM/Jp3HRY7b630=",
        "owner": "snowfallorg",
        "repo": "icehouse",
        "rev": "cd75b00f38be6c0934e4829a61a09cb45eef0837",
        "type": "github"
      },
      "original": {
        "owner": "snowfallorg",
        "repo": "icehouse",
        "type": "github"
      }
    },
    "jakehamilton-website": {
      "inputs": {
        "nixpkgs": [
          "nixpkgs"
        ],
        "snowfall-lib": "snowfall-lib_5",
        "unstable": [
          "unstable"
        ]
      },
      "locked": {
        "lastModified": 1674054150,
        "narHash": "sha256-sDviS13DG3mt2nZ1xA56xcWjBUS0/IEhDhKR3cKBLuI=",
        "owner": "jakehamilton",
        "repo": "jakehamilton.dev",
        "rev": "649ee50841347d01974824dcb1d4b0a141f68f7b",
        "type": "github"
      },
      "original": {
        "owner": "jakehamilton",
        "repo": "jakehamilton.dev",
        "type": "github"
      }
    },
    "lasersandfeelings": {
      "inputs": {
        "nixpkgs": [
          "nixpkgs"
        ],
        "snowfall-lib": "snowfall-lib_6",
        "unstable": [
          "unstable"
        ]
      },
      "locked": {
        "lastModified": 1673616955,
        "narHash": "sha256-2ZZ3IB1wOGIwOmuoi/4tzfxraGQqR7i+7hiX5Tt37wQ=",
        "owner": "jakehamilton",
        "repo": "lasersandfeelings",
        "rev": "888c201a41de59a5def9f85018979e040783f48b",
        "type": "github"
      },
      "original": {
        "owner": "jakehamilton",
        "repo": "lasersandfeelings",
        "type": "github"
      }
    },
    "naersk": {
      "inputs": {
        "nixpkgs": [
          "comma",
          "nixpkgs"
        ]
      },
      "locked": {
        "lastModified": 1662220400,
        "narHash": "sha256-9o2OGQqu4xyLZP9K6kNe1pTHnyPz0Wr3raGYnr9AIgY=",
        "owner": "nix-community",
        "repo": "naersk",
        "rev": "6944160c19cb591eb85bbf9b2f2768a935623ed3",
        "type": "github"
      },
      "original": {
        "owner": "nix-community",
        "ref": "master",
        "repo": "naersk",
        "type": "github"
      }
    },
    "neovim": {
      "inputs": {
        "nixpkgs": [
          "unstable"
        ],
        "snowfall-lib": "snowfall-lib_7"
      },
      "locked": {
        "lastModified": 1677396938,
        "narHash": "sha256-F8ZsA6+MyQYfyApe3bG3bZd9O9Cw5GtI2sqPgKpRTMY=",
        "owner": "jakehamilton",
        "repo": "neovim",
        "rev": "acea9039425df12971eb1b565eada29ed06bccc8",
        "type": "github"
      },
      "original": {
        "owner": "jakehamilton",
        "repo": "neovim",
        "type": "github"
      }
    },
    "nix-ld": {
      "inputs": {
        "nixpkgs": [
          "unstable"
        ],
        "utils": "utils_4"
      },
      "locked": {
        "lastModified": 1676649513,
        "narHash": "sha256-g1f1n+1C6LrmkRcKxoILIrroJNfsuJ7zmBwdNbDe1sg=",
        "owner": "Mic92",
        "repo": "nix-ld",
        "rev": "178524520c9f467ff0dfcf82d17de5c42e0ed1dd",
        "type": "github"
      },
      "original": {
        "owner": "Mic92",
        "repo": "nix-ld",
        "type": "github"
      }
    },
    "nixlib": {
      "locked": {
        "lastModified": 1636849918,
        "narHash": "sha256-nzUK6dPcTmNVrgTAC1EOybSMsrcx+QrVPyqRdyKLkjA=",
        "owner": "nix-community",
        "repo": "nixpkgs.lib",
        "rev": "28a5b0557f14124608db68d3ee1f77e9329e9dd5",
        "type": "github"
      },
      "original": {
        "owner": "nix-community",
        "repo": "nixpkgs.lib",
        "type": "github"
      }
    },
    "nixos-generators": {
      "inputs": {
        "nixlib": "nixlib",
        "nixpkgs": [
          "nixpkgs"
        ]
      },
      "locked": {
        "lastModified": 1676297861,
        "narHash": "sha256-YECUmK34xzg0IERpnbCnaO6z6YgfecJlstMWX7dqOZ8=",
        "owner": "nix-community",
        "repo": "nixos-generators",
        "rev": "1e0a05219f2a557d4622bc38f542abb360518795",
        "type": "github"
      },
      "original": {
        "owner": "nix-community",
        "repo": "nixos-generators",
        "type": "github"
      }
    },
    "nixos-hardware": {
      "locked": {
        "lastModified": 1677232326,
        "narHash": "sha256-rAk2/80kLvA3yIMmSV86T1B4kNvwCFMSQ1FxXndaUB0=",
        "owner": "nixos",
        "repo": "nixos-hardware",
        "rev": "2d44015779cced4eec9df5b8dab238b9f6312cb2",
        "type": "github"
      },
      "original": {
        "owner": "nixos",
        "repo": "nixos-hardware",
        "type": "github"
      }
    },
    "nixpkgs": {
      "locked": {
        "lastModified": 1677179781,
        "narHash": "sha256-+peLp16ruWLuTFHo0ZUbLlS1/meS/+RsWQQ9bUAzOh8=",
        "owner": "nixos",
        "repo": "nixpkgs",
        "rev": "50c23cd4ff6c8344e0b4d438b027b3afabfe58dd",
        "type": "github"
      },
      "original": {
        "owner": "nixos",
        "ref": "nixos-22.11",
        "repo": "nixpkgs",
        "type": "github"
      }
    },
    "noop-ai-website": {
      "inputs": {
        "nixpkgs": [
          "nixpkgs"
        ],
        "snowfall-lib": "snowfall-lib_8",
        "unstable": [
          "unstable"
        ]
      },
      "locked": {
        "lastModified": 1674259763,
        "narHash": "sha256-IQM6xo6FhD5Z49FwSPwJFgwehgsGYktgo8cwGo7ppIk=",
        "owner": "noopai",
        "repo": "noop.ai",
        "rev": "38dae9e9a9f4ff653156f72ccc267d9e76c07491",
        "type": "github"
      },
      "original": {
        "owner": "noopai",
        "repo": "noop.ai",
        "type": "github"
      }
    },
    "replugged": {
      "inputs": {
        "nixpkgs": [
          "unstable"
        ],
        "replugged": "replugged_2"
      },
      "locked": {
        "lastModified": 1669681358,
        "narHash": "sha256-lkUUaIabrTDYK7U17iTIZJ2GK90zcV42SoiBh/fdDmU=",
        "owner": "LunNova",
        "repo": "replugged-nix-flake",
        "rev": "6e6bb35f7016632cc661c31c54bdc9021229e2da",
        "type": "github"
      },
      "original": {
        "owner": "LunNova",
        "repo": "replugged-nix-flake",
        "type": "github"
      }
    },
    "replugged_2": {
      "flake": false,
      "locked": {
        "lastModified": 1664511204,
        "narHash": "sha256-wgVInLJd97vsndfSVLRvJzOl4e1yZCXYsFpp0ITZvzQ=",
        "owner": "replugged-org",
        "repo": "replugged",
        "rev": "e984d8fdae3a3585e6ca7dc7fa8aed3725062b31",
        "type": "github"
      },
      "original": {
        "owner": "replugged-org",
        "repo": "replugged",
        "type": "github"
      }
    },
    "retrospectacle": {
      "inputs": {
        "nixpkgs": [
          "nixpkgs"
        ],
        "snowfall-lib": "snowfall-lib_9",
        "unstable": [
          "unstable"
        ]
      },
      "locked": {
        "lastModified": 1673700187,
        "narHash": "sha256-aGQ13+Q65D3z4TKOBgIs7jbPzXeLvEzukH2BPhRbCxw=",
        "owner": "jakehamilton",
        "repo": "retrospectacle.app",
        "rev": "8ce8f6f43948c6ca40a882c9d851c503f643642c",
        "type": "github"
      },
      "original": {
        "owner": "jakehamilton",
        "repo": "retrospectacle.app",
        "type": "github"
      }
    },
    "root": {
      "inputs": {
        "bibata-cursors": "bibata-cursors",
        "comma": "comma",
        "cowsay": "cowsay",
        "darwin": "darwin",
        "deploy-rs": "deploy-rs",
        "discord-nord-theme": "discord-nord-theme",
        "discord-tweaks": "discord-tweaks",
        "flake": "flake",
        "gpg-base-conf": "gpg-base-conf",
        "home-manager": "home-manager",
        "icehouse": "icehouse",
        "jakehamilton-website": "jakehamilton-website",
        "lasersandfeelings": "lasersandfeelings",
        "neovim": "neovim",
        "nix-ld": "nix-ld",
        "nixos-generators": "nixos-generators",
        "nixos-hardware": "nixos-hardware",
        "nixpkgs": "nixpkgs",
        "noop-ai-website": "noop-ai-website",
        "replugged": "replugged",
        "retrospectacle": "retrospectacle",
        "scrumfish": "scrumfish",
        "snowfall-lib": "snowfall-lib_11",
        "unstable": "unstable_2",
        "yubikey-guide": "yubikey-guide"
      }
    },
    "scrumfish": {
      "inputs": {
        "nixpkgs": [
          "nixpkgs"
        ],
        "snowfall-lib": "snowfall-lib_10",
        "unstable": [
          "unstable"
        ]
      },
      "locked": {
        "lastModified": 1673699216,
        "narHash": "sha256-PWOSld+0KfZBi35U+Vi/xCqsbJFfoY0CIFax2h8KTwo=",
        "owner": "jakehamilton",
        "repo": "scrumfi.sh",
        "rev": "f214ed8149da87f245f315873b0a7176884f2562",
        "type": "github"
      },
      "original": {
        "owner": "jakehamilton",
        "repo": "scrumfi.sh",
        "type": "github"
      }
    },
    "snowfall-lib": {
      "inputs": {
        "flake-compat": "flake-compat_2",
        "flake-utils-plus": "flake-utils-plus",
        "nixpkgs": [
          "cowsay",
          "nixpkgs"
        ]
      },
      "locked": {
        "lastModified": 1667153928,
        "narHash": "sha256-SbXxxrxWzumig4ytez86B9FFkd9zH/qj+SSiMUwY8bI=",
        "owner": "snowfallorg",
        "repo": "lib",
        "rev": "1ffe7109a0aade9df745432e1f5788cf67a05a3e",
        "type": "github"
      },
      "original": {
        "owner": "snowfallorg",
        "repo": "lib",
        "type": "github"
      }
    },
    "snowfall-lib_10": {
      "inputs": {
        "flake-compat": "flake-compat_13",
        "flake-utils-plus": "flake-utils-plus_10",
        "nixpkgs": [
          "scrumfish",
          "nixpkgs"
        ]
      },
      "locked": {
        "lastModified": 1667153928,
        "narHash": "sha256-SbXxxrxWzumig4ytez86B9FFkd9zH/qj+SSiMUwY8bI=",
        "owner": "snowfallorg",
        "repo": "lib",
        "rev": "1ffe7109a0aade9df745432e1f5788cf67a05a3e",
        "type": "github"
      },
      "original": {
        "owner": "snowfallorg",
        "repo": "lib",
        "type": "github"
      }
    },
    "snowfall-lib_11": {
      "inputs": {
        "flake-compat": "flake-compat_14",
        "flake-utils-plus": "flake-utils-plus_11",
        "nixpkgs": [
          "nixpkgs"
        ]
      },
      "locked": {
        "lastModified": 1677030094,
        "narHash": "sha256-OqcOKVsAW23+Wi2kkrFPhX7+t6n22fSLzt/Oe5PesvI=",
        "owner": "snowfallorg",
        "repo": "lib",
        "rev": "b428b981b96114612414313fa62f3ed14cc8f168",
        "type": "github"
      },
      "original": {
        "owner": "snowfallorg",
        "ref": "dev",
        "repo": "lib",
        "type": "github"
      }
    },
    "snowfall-lib_2": {
      "inputs": {
        "flake-compat": "flake-compat_3",
        "flake-utils-plus": "flake-utils-plus_2",
        "nixpkgs": [
          "cowsay",
          "vhs",
          "nixpkgs"
        ]
      },
      "locked": {
        "lastModified": 1667153928,
        "narHash": "sha256-SbXxxrxWzumig4ytez86B9FFkd9zH/qj+SSiMUwY8bI=",
        "owner": "snowfallorg",
        "repo": "lib",
        "rev": "1ffe7109a0aade9df745432e1f5788cf67a05a3e",
        "type": "github"
      },
      "original": {
        "owner": "snowfallorg",
        "repo": "lib",
        "type": "github"
      }
    },
    "snowfall-lib_3": {
      "inputs": {
        "flake-compat": "flake-compat_6",
        "flake-utils-plus": "flake-utils-plus_3",
        "nixpkgs": [
          "flake",
          "nixpkgs"
        ]
      },
      "locked": {
        "lastModified": 1673270548,
        "narHash": "sha256-7rgGdtRb42y1yrrRg3SeqosPTeggsPhZCgDebyplKeU=",
        "owner": "snowfallorg",
        "repo": "lib",
        "rev": "cbe1b6e0fb04243b1c3cd25f6fc0ce86c5248024",
        "type": "github"
      },
      "original": {
        "owner": "snowfallorg",
        "ref": "dev",
        "repo": "lib",
        "type": "github"
      }
    },
    "snowfall-lib_4": {
      "inputs": {
        "flake-compat": "flake-compat_7",
        "flake-utils-plus": "flake-utils-plus_4",
        "nixpkgs": [
          "icehouse",
          "nixpkgs"
        ]
      },
      "locked": {
        "lastModified": 1673823172,
        "narHash": "sha256-fzaEBsPcxDSEK0aMm33gx8m36gyzg3R6ADkO95yCSjk=",
        "owner": "snowfallorg",
        "repo": "lib",
        "rev": "7def9101defc63dec9982cd6381469764c08db3c",
        "type": "github"
      },
      "original": {
        "owner": "snowfallorg",
        "ref": "dev",
        "repo": "lib",
        "type": "github"
      }
    },
    "snowfall-lib_5": {
      "inputs": {
        "flake-compat": "flake-compat_8",
        "flake-utils-plus": "flake-utils-plus_5",
        "nixpkgs": [
          "jakehamilton-website",
          "nixpkgs"
        ]
      },
      "locked": {
        "lastModified": 1667153928,
        "narHash": "sha256-SbXxxrxWzumig4ytez86B9FFkd9zH/qj+SSiMUwY8bI=",
        "owner": "snowfallorg",
        "repo": "lib",
        "rev": "1ffe7109a0aade9df745432e1f5788cf67a05a3e",
        "type": "github"
      },
      "original": {
        "owner": "snowfallorg",
        "repo": "lib",
        "type": "github"
      }
    },
    "snowfall-lib_6": {
      "inputs": {
        "flake-compat": "flake-compat_9",
        "flake-utils-plus": "flake-utils-plus_6",
        "nixpkgs": [
          "lasersandfeelings",
          "nixpkgs"
        ]
      },
      "locked": {
        "lastModified": 1667153928,
        "narHash": "sha256-SbXxxrxWzumig4ytez86B9FFkd9zH/qj+SSiMUwY8bI=",
        "owner": "snowfallorg",
        "repo": "lib",
        "rev": "1ffe7109a0aade9df745432e1f5788cf67a05a3e",
        "type": "github"
      },
      "original": {
        "owner": "snowfallorg",
        "repo": "lib",
        "type": "github"
      }
    },
    "snowfall-lib_7": {
      "inputs": {
        "flake-compat": "flake-compat_10",
        "flake-utils-plus": "flake-utils-plus_7",
        "nixpkgs": [
          "neovim",
          "nixpkgs"
        ]
      },
      "locked": {
        "lastModified": 1673270548,
        "narHash": "sha256-7rgGdtRb42y1yrrRg3SeqosPTeggsPhZCgDebyplKeU=",
        "owner": "snowfallorg",
        "repo": "lib",
        "rev": "cbe1b6e0fb04243b1c3cd25f6fc0ce86c5248024",
        "type": "github"
      },
      "original": {
        "owner": "snowfallorg",
        "ref": "dev",
        "repo": "lib",
        "type": "github"
      }
    },
    "snowfall-lib_8": {
      "inputs": {
        "flake-compat": "flake-compat_11",
        "flake-utils-plus": "flake-utils-plus_8",
        "nixpkgs": [
          "noop-ai-website",
          "nixpkgs"
        ]
      },
      "locked": {
        "lastModified": 1667153928,
        "narHash": "sha256-SbXxxrxWzumig4ytez86B9FFkd9zH/qj+SSiMUwY8bI=",
        "owner": "snowfallorg",
        "repo": "lib",
        "rev": "1ffe7109a0aade9df745432e1f5788cf67a05a3e",
        "type": "github"
      },
      "original": {
        "owner": "snowfallorg",
        "repo": "lib",
        "type": "github"
      }
    },
    "snowfall-lib_9": {
      "inputs": {
        "flake-compat": "flake-compat_12",
        "flake-utils-plus": "flake-utils-plus_9",
        "nixpkgs": [
          "retrospectacle",
          "nixpkgs"
        ]
      },
      "locked": {
        "lastModified": 1667153928,
        "narHash": "sha256-SbXxxrxWzumig4ytez86B9FFkd9zH/qj+SSiMUwY8bI=",
        "owner": "snowfallorg",
        "repo": "lib",
        "rev": "1ffe7109a0aade9df745432e1f5788cf67a05a3e",
        "type": "github"
      },
      "original": {
        "owner": "snowfallorg",
        "repo": "lib",
        "type": "github"
      }
    },
    "unstable": {
      "locked": {
        "lastModified": 1673134516,
        "narHash": "sha256-mAZQKqkNQbBmJnmUU0blOfkKlgMSSVyPHdeWeuKad8U=",
        "owner": "nixos",
        "repo": "nixpkgs",
        "rev": "f6f44561884c3470e2b783683d5dbac42dfc833b",
        "type": "github"
      },
      "original": {
        "owner": "nixos",
        "ref": "nixos-unstable",
        "repo": "nixpkgs",
        "type": "github"
      }
    },
    "unstable_2": {
      "locked": {
        "lastModified": 1677342105,
        "narHash": "sha256-kv1fpkfCJGb0M+LZaCHFUuIS9kRIwyVgupHu86Y28nc=",
        "owner": "nixos",
        "repo": "nixpkgs",
        "rev": "b1f87ca164a9684404c8829b851c3586c4d9f089",
        "type": "github"
      },
      "original": {
        "owner": "nixos",
        "ref": "nixos-unstable",
        "repo": "nixpkgs",
        "type": "github"
      }
    },
    "utils": {
      "locked": {
        "lastModified": 1659877975,
        "narHash": "sha256-zllb8aq3YO3h8B/U0/J1WBgAL8EX5yWf5pMj3G0NAmc=",
        "owner": "numtide",
        "repo": "flake-utils",
        "rev": "c0e246b9b83f637f4681389ecabcb2681b4f3af0",
        "type": "github"
      },
      "original": {
        "owner": "numtide",
        "repo": "flake-utils",
        "type": "github"
      }
    },
    "utils_2": {
      "locked": {
        "lastModified": 1667395993,
        "narHash": "sha256-nuEHfE/LcWyuSWnS8t12N1wc105Qtau+/OdUAjtQ0rA=",
        "owner": "numtide",
        "repo": "flake-utils",
        "rev": "5aed5285a952e0b949eb3ba02c12fa4fcfef535f",
        "type": "github"
      },
      "original": {
        "owner": "numtide",
        "repo": "flake-utils",
        "type": "github"
      }
    },
    "utils_3": {
      "locked": {
        "lastModified": 1667395993,
        "narHash": "sha256-nuEHfE/LcWyuSWnS8t12N1wc105Qtau+/OdUAjtQ0rA=",
        "owner": "numtide",
        "repo": "flake-utils",
        "rev": "5aed5285a952e0b949eb3ba02c12fa4fcfef535f",
        "type": "github"
      },
      "original": {
        "owner": "numtide",
        "repo": "flake-utils",
        "type": "github"
      }
    },
    "utils_4": {
      "locked": {
        "lastModified": 1667395993,
        "narHash": "sha256-nuEHfE/LcWyuSWnS8t12N1wc105Qtau+/OdUAjtQ0rA=",
        "owner": "numtide",
        "repo": "flake-utils",
        "rev": "5aed5285a952e0b949eb3ba02c12fa4fcfef535f",
        "type": "github"
      },
      "original": {
        "owner": "numtide",
        "repo": "flake-utils",
        "type": "github"
      }
    },
    "vhs": {
      "inputs": {
        "nixpkgs": [
          "cowsay",
          "nixpkgs"
        ],
        "snowfall-lib": "snowfall-lib_2"
      },
      "locked": {
        "lastModified": 1671070955,
        "narHash": "sha256-Zj1l0cqT+XJfiaZTaOa2AbyCoqlCPXQZOIzMShVyUks=",
        "owner": "snowfallorg",
        "repo": "vhs",
        "rev": "f8370799a1513e0e29f6b03ad936983f25622530",
        "type": "github"
      },
      "original": {
        "owner": "snowfallorg",
        "repo": "vhs",
        "type": "github"
      }
    },
    "yubikey-guide": {
      "flake": false,
      "locked": {
        "lastModified": 1672094877,
        "narHash": "sha256-jm0WRnyRmwylAqRVyK0mUzYxEkmk3g0u6f+DIdMZW3I=",
        "owner": "drduh",
        "repo": "YubiKey-Guide",
        "rev": "6437be8fda70926f11afa22a61287af63d943c24",
        "type": "github"
      },
      "original": {
        "owner": "drduh",
        "repo": "YubiKey-Guide",
        "type": "github"
      }
    }
  },
  "root": "root",
  "version": 7
}
