{
  "nodes": {
    "comma": {
      "inputs": {
        "flake-compat": "flake-compat",
        "naersk": "naersk",
        "nixpkgs": [
          "nixpkgs-unstable"
        ],
        "utils": "utils"
      },
      "locked": {
        "lastModified": 1650481854,
        "narHash": "sha256-CZQLigKovJbMoTbPuWT3SBSMymjD58m72O/oy+HilQg=",
        "owner": "nix-community",
        "repo": "comma",
        "rev": "034a9ca440370fc1eccbed43ff345fb6ea1f0d27",
        "type": "github"
      },
      "original": {
        "owner": "nix-community",
        "repo": "comma",
        "rev": "034a9ca440370fc1eccbed43ff345fb6ea1f0d27",
        "type": "github"
      }
    },
    "darwin": {
      "inputs": {
        "nixpkgs": [
          "nixpkgs"
        ]
      },
      "locked": {
        "lastModified": 1642322414,
        "narHash": "sha256-+Pse27SB/sb5cLeP+L3KtoGaNnfuXekkp9z8ZWxDrRc=",
        "owner": "lnl7",
        "repo": "nix-darwin",
        "rev": "9a388b6b56d079090ff8e9998e2d4a63e6886f01",
        "type": "github"
      },
      "original": {
        "owner": "lnl7",
        "repo": "nix-darwin",
        "rev": "9a388b6b56d079090ff8e9998e2d4a63e6886f01",
        "type": "github"
      }
    },
    "flake-compat": {
      "flake": false,
      "locked": {
        "lastModified": 1648199409,
        "narHash": "sha256-JwPKdC2PoVBkG6E+eWw3j6BMR6sL3COpYWfif7RVb8Y=",
        "owner": "edolstra",
        "repo": "flake-compat",
        "rev": "64a525ee38886ab9028e6f61790de0832aa3ef03",
        "type": "github"
      },
      "original": {
        "owner": "edolstra",
        "repo": "flake-compat",
        "type": "github"
      }
    },
    "flake-utils": {
      "locked": {
        "lastModified": 1638122382,
        "narHash": "sha256-sQzZzAbvKEqN9s0bzWuYmRaA03v40gaJ4+iL1LXjaeI=",
        "owner": "numtide",
        "repo": "flake-utils",
        "rev": "74f7e4319258e287b0f9cb95426c9853b282730b",
        "type": "github"
      },
      "original": {
        "owner": "numtide",
        "repo": "flake-utils",
        "type": "github"
      }
    },
    "home-manager": {
      "inputs": {
        "nixpkgs": [
          "nixpkgs"
        ]
      },
      "locked": {
        "lastModified": 1654113405,
        "narHash": "sha256-VpK+0QaWG2JRgB00lw77N9TjkE3ec0iMYIX1TzGpxa4=",
        "owner": "nix-community",
        "repo": "home-manager",
        "rev": "ac2287df5a2d6f0a44bbcbd11701dbbf6ec43675",
        "type": "github"
      },
      "original": {
        "owner": "nix-community",
        "repo": "home-manager",
        "rev": "ac2287df5a2d6f0a44bbcbd11701dbbf6ec43675",
        "type": "github"
      }
    },
    "naersk": {
      "inputs": {
        "nixpkgs": [
          "comma",
          "nixpkgs"
        ]
      },
      "locked": {
        "lastModified": 1650101877,
        "narHash": "sha256-IYxYc5Z1ZHQDTQbTWsOZ9HlZepsVjgV5oZwmbKzxSJs=",
        "owner": "nix-community",
        "repo": "naersk",
        "rev": "8cc379478819e6a22ce7595a761fe1e17c8d7458",
        "type": "github"
      },
      "original": {
        "owner": "nix-community",
        "ref": "master",
        "repo": "naersk",
        "type": "github"
      }
    },
    "nixlib": {
      "locked": {
        "lastModified": 1636849918,
        "narHash": "sha256-nzUK6dPcTmNVrgTAC1EOybSMsrcx+QrVPyqRdyKLkjA=",
        "owner": "nix-community",
        "repo": "nixpkgs.lib",
        "rev": "28a5b0557f14124608db68d3ee1f77e9329e9dd5",
        "type": "github"
      },
      "original": {
        "owner": "nix-community",
        "repo": "nixpkgs.lib",
        "type": "github"
      }
    },
    "nixos-generators": {
      "inputs": {
        "nixlib": "nixlib",
        "nixpkgs": [
          "nixpkgs"
        ]
      },
      "locked": {
        "lastModified": 1653339081,
        "narHash": "sha256-dpim9Mtd57Yj6qt7p7UKwjWm6NnOU3S7jaEyEscSyPE=",
        "owner": "nix-community",
        "repo": "nixos-generators",
        "rev": "fb3ee0f618b8c80dea1239691b15dfeb4bb46331",
        "type": "github"
      },
      "original": {
        "owner": "nix-community",
        "repo": "nixos-generators",
        "rev": "fb3ee0f618b8c80dea1239691b15dfeb4bb46331",
        "type": "github"
      }
    },
    "nixos-hardware": {
      "locked": {
        "lastModified": 1654057797,
        "narHash": "sha256-mXo7C4v7Jj2feBzcReu1Eu/3Rnw5b023E9kOyFsHZQw=",
        "owner": "nixos",
        "repo": "nixos-hardware",
        "rev": "0cab18a48de7914ef8cad35dca0bb36868f3e1af",
        "type": "github"
      },
      "original": {
        "owner": "nixos",
        "repo": "nixos-hardware",
        "rev": "0cab18a48de7914ef8cad35dca0bb36868f3e1af",
        "type": "github"
      }
    },
    "nixpkgs": {
      "locked": {
        "lastModified": 1654994491,
        "narHash": "sha256-HFu3HTFFFcZSKImuiki3q+MLvcc85hRgYvW+sXmH8LE=",
        "owner": "nixos",
        "repo": "nixpkgs",
        "rev": "1f8d88087a3753e55a29b5207f7f0997f7c813fa",
        "type": "github"
      },
      "original": {
        "owner": "nixos",
        "repo": "nixpkgs",
        "rev": "1f8d88087a3753e55a29b5207f7f0997f7c813fa",
        "type": "github"
      }
    },
    "nixpkgs-unstable": {
      "locked": {
        "lastModified": 1655221618,
        "narHash": "sha256-ht8HRFthDKzYt+il+sGgkBwrv+Ex2l8jdGVpsrPfFME=",
        "owner": "nixos",
        "repo": "nixpkgs",
        "rev": "6616de389ed55fba6eeba60377fc04732d5a207c",
        "type": "github"
      },
      "original": {
        "owner": "nixos",
        "repo": "nixpkgs",
        "rev": "6616de389ed55fba6eeba60377fc04732d5a207c",
        "type": "github"
      }
    },
    "nmd": {
      "flake": false,
      "locked": {
        "lastModified": 1637239786,
        "narHash": "sha256-l2KsnY537mz0blZdqALZKrWXn9PD39CpvotgPnxyIP4=",
        "owner": "rycee",
        "repo": "nmd",
        "rev": "527245ff605bde88c2dd2ddae21c6479bb7cf8aa",
        "type": "gitlab"
      },
      "original": {
        "owner": "rycee",
        "repo": "nmd",
        "rev": "527245ff605bde88c2dd2ddae21c6479bb7cf8aa",
        "type": "gitlab"
      }
    },
    "powercord": {
      "flake": false,
      "locked": {
        "lastModified": 1649687982,
        "narHash": "sha256-DmcxRoNUplHybjzkfpaksO4fUygzjiDPssdae2RPQ/o=",
        "owner": "powercord-org",
        "repo": "powercord",
        "rev": "17b66335e85a613ca0ea66dcb95d2c676b0e2f03",
        "type": "github"
      },
      "original": {
        "owner": "powercord-org",
        "repo": "powercord",
        "type": "github"
      }
    },
    "powercord-overlay": {
      "inputs": {
        "nixpkgs": [
          "nixpkgs-unstable"
        ],
        "powercord": "powercord"
      },
      "locked": {
        "lastModified": 1649724773,
        "narHash": "sha256-IY8fVk6/RDM0VzZsprPziwl1kqg3LgD7v3+uXtjR6/k=",
        "owner": "LavaDesu",
        "repo": "powercord-overlay",
        "rev": "cea1348777740f02ba58e8712ca6aaf8f295b469",
        "type": "github"
      },
      "original": {
        "owner": "LavaDesu",
        "repo": "powercord-overlay",
        "rev": "cea1348777740f02ba58e8712ca6aaf8f295b469",
        "type": "github"
      }
    },
    "root": {
      "inputs": {
        "comma": "comma",
        "darwin": "darwin",
        "home-manager": "home-manager",
        "nixos-generators": "nixos-generators",
        "nixos-hardware": "nixos-hardware",
        "nixpkgs": "nixpkgs",
        "nixpkgs-unstable": "nixpkgs-unstable",
        "nmd": "nmd",
        "powercord-overlay": "powercord-overlay",
        "utils": "utils_2"
      }
    },
    "utils": {
      "locked": {
        "lastModified": 1649676176,
        "narHash": "sha256-OWKJratjt2RW151VUlJPRALb7OU2S5s+f0vLj4o1bHM=",
        "owner": "numtide",
        "repo": "flake-utils",
        "rev": "a4b154ebbdc88c8498a5c7b01589addc9e9cb678",
        "type": "github"
      },
      "original": {
        "owner": "numtide",
        "repo": "flake-utils",
        "type": "github"
      }
    },
    "utils_2": {
      "inputs": {
        "flake-utils": "flake-utils"
      },
      "locked": {
        "lastModified": 1652704544,
        "narHash": "sha256-UTKE33tYgCmDszaVyWA33a8mtegM5xfH4fH8w4y6TxA=",
        "owner": "gytis-ivaskevicius",
        "repo": "flake-utils-plus",
        "rev": "f8d6d1f87b6177e3bc674c29f247bdbf897ba274",
        "type": "github"
      },
      "original": {
        "owner": "gytis-ivaskevicius",
        "repo": "flake-utils-plus",
        "rev": "f8d6d1f87b6177e3bc674c29f247bdbf897ba274",
        "type": "github"
      }
    }
  },
  "root": "root",
  "version": 7
}
